
Microsoft Visual Studio Solution File, Format Version 12.00
# Visual Studio Version 17
VisualStudioVersion = 17.14.36811.4 d17.14
MinimumVisualStudioVersion = 10.0.40219.1
Project("{FAE04EC0-301F-11D3-BF4B-00C04F79EFBC}") = "ERP.PL", "ERP.PL\ERP.PL.csproj", "{F5D67A8B-F118-42F4-A89C-4E94FFB1C2D2}"
EndProject
Project("{FAE04EC0-301F-11D3-BF4B-00C04F79EFBC}") = "ERP.DAL", "ERP.DAL\ERP.DAL.csproj", "{F378AA89-59D0-4DC5-AE6B-A8134920E593}"
EndProject
Project("{FAE04EC0-301F-11D3-BF4B-00C04F79EFBC}") = "ERP.BLL", "ERP.BLL\ERP.BLL.csproj", "{8991D475-1C20-478E-B2E4-6C65EA9BB423}"
EndProject
Global
	GlobalSection(SolutionConfigurationPlatforms) = preSolution
		Debug|Any CPU = Debug|Any CPU
		Release|Any CPU = Release|Any CPU
	EndGlobalSection
	GlobalSection(ProjectConfigurationPlatforms) = postSolution
		{F5D67A8B-F118-42F4-A89C-4E94FFB1C2D2}.Debug|Any CPU.ActiveCfg = Debug|Any CPU
		{F5D67A8B-F118-42F4-A89C-4E94FFB1C2D2}.Debug|Any CPU.Build.0 = Debug|Any CPU
		{F5D67A8B-F118-42F4-A89C-4E94FFB1C2D2}.Release|Any CPU.ActiveCfg = Release|Any CPU
		{F5D67A8B-F118-42F4-A89C-4E94FFB1C2D2}.Release|Any CPU.Build.0 = Release|Any CPU
		{F378AA89-59D0-4DC5-AE6B-A8134920E593}.Debug|Any CPU.ActiveCfg = Debug|Any CPU
		{F378AA89-59D0-4DC5-AE6B-A8134920E593}.Debug|Any CPU.Build.0 = Debug|Any CPU
		{F378AA89-59D0-4DC5-AE6B-A8134920E593}.Release|Any CPU.ActiveCfg = Release|Any CPU
		{F378AA89-59D0-4DC5-AE6B-A8134920E593}.Release|Any CPU.Build.0 = Release|Any CPU
		{8991D475-1C20-478E-B2E4-6C65EA9BB423}.Debug|Any CPU.ActiveCfg = Debug|Any CPU
		{8991D475-1C20-478E-B2E4-6C65EA9BB423}.Debug|Any CPU.Build.0 = Debug|Any CPU
		{8991D475-1C20-478E-B2E4-6C65EA9BB423}.Release|Any CPU.ActiveCfg = Release|Any CPU
		{8991D475-1C20-478E-B2E4-6C65EA9BB423}.Release|Any CPU.Build.0 = Release|Any CPU
	EndGlobalSection
	GlobalSection(SolutionProperties) = preSolution
		HideSolutionNode = FALSE
	EndGlobalSection
	GlobalSection(ExtensibilityGlobals) = postSolution
		SolutionGuid = {A66294D1-1CE8-4F72-8847-D0036E179B54}
	EndGlobalSection
EndGlobal
